
Microsoft Visual Studio Solution File, Format Version 12.00
# Visual Studio Version 16
VisualStudioVersion = 16.0.31005.135
MinimumVisualStudioVersion = 10.0.40219.1
Project("{FAE04EC0-301F-11D3-BF4B-00C04F79EFBC}") = "triatlon", "triatlon\triatlon.csproj", "{115E3005-7C30-4DFE-935B-D3FB0607A7A5}"
EndProject
Project("{FAE04EC0-301F-11D3-BF4B-00C04F79EFBC}") = "Tests", "Tests\Tests.csproj", "{ED192E39-81D1-4D20-A814-F9C439272A40}"
EndProject
Project("{FAE04EC0-301F-11D3-BF4B-00C04F79EFBC}") = "ConnectionUtils", "ConnectionUtils\ConnectionUtils.csproj", "{FCAF453F-5F35-4C24-BB14-C18FE0B22DCC}"
EndProject
Project("{FAE04EC0-301F-11D3-BF4B-00C04F79EFBC}") = "model", "model\model.csproj", "{601AB3BA-F53D-47DC-A17C-E9D60ECB1CE5}"
EndProject
Project("{FAE04EC0-301F-11D3-BF4B-00C04F79EFBC}") = "persistence", "persistence\persistence.csproj", "{649EC6C8-A623-4E71-AA56-29C8E62D6D84}"
EndProject
Project("{FAE04EC0-301F-11D3-BF4B-00C04F79EFBC}") = "services", "services\services.csproj", "{1BEC2092-0D7F-40D3-8566-AC305373E837}"
EndProject
Project("{FAE04EC0-301F-11D3-BF4B-00C04F79EFBC}") = "server", "server\server.csproj", "{04F4014B-475D-4400-B8C7-7B664BF31F8A}"
EndProject
Project("{FAE04EC0-301F-11D3-BF4B-00C04F79EFBC}") = "networking", "networking\networking.csproj", "{E6AA7FA7-D626-4A3E-BED1-94ED204C6A53}"
EndProject
Global
	GlobalSection(SolutionConfigurationPlatforms) = preSolution
		Debug|Any CPU = Debug|Any CPU
		Release|Any CPU = Release|Any CPU
	EndGlobalSection
	GlobalSection(ProjectConfigurationPlatforms) = postSolution
		{115E3005-7C30-4DFE-935B-D3FB0607A7A5}.Debug|Any CPU.ActiveCfg = Debug|Any CPU
		{115E3005-7C30-4DFE-935B-D3FB0607A7A5}.Debug|Any CPU.Build.0 = Debug|Any CPU
		{115E3005-7C30-4DFE-935B-D3FB0607A7A5}.Release|Any CPU.ActiveCfg = Release|Any CPU
		{115E3005-7C30-4DFE-935B-D3FB0607A7A5}.Release|Any CPU.Build.0 = Release|Any CPU
		{ED192E39-81D1-4D20-A814-F9C439272A40}.Debug|Any CPU.ActiveCfg = Debug|Any CPU
		{ED192E39-81D1-4D20-A814-F9C439272A40}.Debug|Any CPU.Build.0 = Debug|Any CPU
		{ED192E39-81D1-4D20-A814-F9C439272A40}.Release|Any CPU.ActiveCfg = Release|Any CPU
		{ED192E39-81D1-4D20-A814-F9C439272A40}.Release|Any CPU.Build.0 = Release|Any CPU
		{FCAF453F-5F35-4C24-BB14-C18FE0B22DCC}.Debug|Any CPU.ActiveCfg = Debug|Any CPU
		{FCAF453F-5F35-4C24-BB14-C18FE0B22DCC}.Debug|Any CPU.Build.0 = Debug|Any CPU
		{FCAF453F-5F35-4C24-BB14-C18FE0B22DCC}.Release|Any CPU.ActiveCfg = Release|Any CPU
		{FCAF453F-5F35-4C24-BB14-C18FE0B22DCC}.Release|Any CPU.Build.0 = Release|Any CPU
		{601AB3BA-F53D-47DC-A17C-E9D60ECB1CE5}.Debug|Any CPU.ActiveCfg = Debug|Any CPU
		{601AB3BA-F53D-47DC-A17C-E9D60ECB1CE5}.Debug|Any CPU.Build.0 = Debug|Any CPU
		{601AB3BA-F53D-47DC-A17C-E9D60ECB1CE5}.Release|Any CPU.ActiveCfg = Release|Any CPU
		{601AB3BA-F53D-47DC-A17C-E9D60ECB1CE5}.Release|Any CPU.Build.0 = Release|Any CPU
		{649EC6C8-A623-4E71-AA56-29C8E62D6D84}.Debug|Any CPU.ActiveCfg = Debug|Any CPU
		{649EC6C8-A623-4E71-AA56-29C8E62D6D84}.Debug|Any CPU.Build.0 = Debug|Any CPU
		{649EC6C8-A623-4E71-AA56-29C8E62D6D84}.Release|Any CPU.ActiveCfg = Release|Any CPU
		{649EC6C8-A623-4E71-AA56-29C8E62D6D84}.Release|Any CPU.Build.0 = Release|Any CPU
		{1BEC2092-0D7F-40D3-8566-AC305373E837}.Debug|Any CPU.ActiveCfg = Debug|Any CPU
		{1BEC2092-0D7F-40D3-8566-AC305373E837}.Debug|Any CPU.Build.0 = Debug|Any CPU
		{1BEC2092-0D7F-40D3-8566-AC305373E837}.Release|Any CPU.ActiveCfg = Release|Any CPU
		{1BEC2092-0D7F-40D3-8566-AC305373E837}.Release|Any CPU.Build.0 = Release|Any CPU
		{04F4014B-475D-4400-B8C7-7B664BF31F8A}.Debug|Any CPU.ActiveCfg = Debug|Any CPU
		{04F4014B-475D-4400-B8C7-7B664BF31F8A}.Debug|Any CPU.Build.0 = Debug|Any CPU
		{04F4014B-475D-4400-B8C7-7B664BF31F8A}.Release|Any CPU.ActiveCfg = Release|Any CPU
		{04F4014B-475D-4400-B8C7-7B664BF31F8A}.Release|Any CPU.Build.0 = Release|Any CPU
		{E6AA7FA7-D626-4A3E-BED1-94ED204C6A53}.Debug|Any CPU.ActiveCfg = Debug|Any CPU
		{E6AA7FA7-D626-4A3E-BED1-94ED204C6A53}.Debug|Any CPU.Build.0 = Debug|Any CPU
		{E6AA7FA7-D626-4A3E-BED1-94ED204C6A53}.Release|Any CPU.ActiveCfg = Release|Any CPU
		{E6AA7FA7-D626-4A3E-BED1-94ED204C6A53}.Release|Any CPU.Build.0 = Release|Any CPU
	EndGlobalSection
	GlobalSection(SolutionProperties) = preSolution
		HideSolutionNode = FALSE
	EndGlobalSection
	GlobalSection(ExtensibilityGlobals) = postSolution
		SolutionGuid = {77B0DCCB-4196-4153-9196-CBFA1FAA9ECE}
	EndGlobalSection
EndGlobal
